
Microsoft Visual Studio Solution File, Format Version 12.00
# Visual Studio 15
Project("{FAE04EC0-301F-11D3-BF4B-00C04F79EFBC}") = "MERP_Character_Sheet_BE", "MERP_Character_Sheet_BE\MERP_Character_Sheet_BE.csproj", "{CFF97057-2A7B-4097-8F2C-4D7787048D3B}"
EndProject
Global
	GlobalSection(SolutionConfigurationPlatforms) = preSolution
		Debug|Any CPU = Debug|Any CPU
		Release|Any CPU = Release|Any CPU
	EndGlobalSection
	GlobalSection(ProjectConfigurationPlatforms) = postSolution
		{CFF97057-2A7B-4097-8F2C-4D7787048D3B}.Debug|Any CPU.ActiveCfg = Debug|Any CPU
		{CFF97057-2A7B-4097-8F2C-4D7787048D3B}.Debug|Any CPU.Build.0 = Debug|Any CPU
		{CFF97057-2A7B-4097-8F2C-4D7787048D3B}.Release|Any CPU.ActiveCfg = Release|Any CPU
		{CFF97057-2A7B-4097-8F2C-4D7787048D3B}.Release|Any CPU.Build.0 = Release|Any CPU
	EndGlobalSection
EndGlobal
